// !$*UTF8*$!
{
	archiveVersion = 1;
	classes = {
	};
	objectVersion = 55;
	objects = {

/* Begin PBXBuildFile section */
		4333EB51B36488F0D13DB104 /* Pods_THO.framework in Frameworks */ = {isa = PBXBuildFile; fileRef = 2175C80D96AF93FACB774ADD /* Pods_THO.framework */; };
		E3017EC527A7DC7F002789E6 /* AppDelegate.swift in Sources */ = {isa = PBXBuildFile; fileRef = E3017EC427A7DC7F002789E6 /* AppDelegate.swift */; };
		E3017EC727A7DC7F002789E6 /* SceneDelegate.swift in Sources */ = {isa = PBXBuildFile; fileRef = E3017EC627A7DC7F002789E6 /* SceneDelegate.swift */; };
		E3017EC927A7DC7F002789E6 /* HomeViewController.swift in Sources */ = {isa = PBXBuildFile; fileRef = E3017EC827A7DC7F002789E6 /* HomeViewController.swift */; };
		E3017ECC27A7DC7F002789E6 /* Main.storyboard in Resources */ = {isa = PBXBuildFile; fileRef = E3017ECA27A7DC7F002789E6 /* Main.storyboard */; };
		E3017ECE27A7DC82002789E6 /* Assets.xcassets in Resources */ = {isa = PBXBuildFile; fileRef = E3017ECD27A7DC82002789E6 /* Assets.xcassets */; };
		E3017ED127A7DC82002789E6 /* LaunchScreen.storyboard in Resources */ = {isa = PBXBuildFile; fileRef = E3017ECF27A7DC82002789E6 /* LaunchScreen.storyboard */; };
		E3017EDE27A7E325002789E6 /* ProfileViewController.swift in Sources */ = {isa = PBXBuildFile; fileRef = E3017EDD27A7E325002789E6 /* ProfileViewController.swift */; };
		E3017EE027A7E3B2002789E6 /* TabBarViewController.swift in Sources */ = {isa = PBXBuildFile; fileRef = E3017EDF27A7E3B2002789E6 /* TabBarViewController.swift */; };
		E3017EE227A7E3EE002789E6 /* SignInViewController.swift in Sources */ = {isa = PBXBuildFile; fileRef = E3017EE127A7E3ED002789E6 /* SignInViewController.swift */; };
		E3017EE427A7E3FE002789E6 /* SignUpViewController.swift in Sources */ = {isa = PBXBuildFile; fileRef = E3017EE327A7E3FE002789E6 /* SignUpViewController.swift */; };
		E3017EE627A7E470002789E6 /* ViewPostViewController.swift in Sources */ = {isa = PBXBuildFile; fileRef = E3017EE527A7E470002789E6 /* ViewPostViewController.swift */; };
		E3017EE827A7E489002789E6 /* CreateNewPostViewController.swift in Sources */ = {isa = PBXBuildFile; fileRef = E3017EE727A7E489002789E6 /* CreateNewPostViewController.swift */; };
		E3017EEA27A8033F002789E6 /* IAPManager.swift in Sources */ = {isa = PBXBuildFile; fileRef = E3017EE927A8033F002789E6 /* IAPManager.swift */; };
		E3017EEC27A8034C002789E6 /* DatabaseManager.swift in Sources */ = {isa = PBXBuildFile; fileRef = E3017EEB27A8034C002789E6 /* DatabaseManager.swift */; };
		E3017EEE27A80426002789E6 /* AuthManager.swift in Sources */ = {isa = PBXBuildFile; fileRef = E3017EED27A80426002789E6 /* AuthManager.swift */; };
		E3017EF027A8042E002789E6 /* StorageManager.swift in Sources */ = {isa = PBXBuildFile; fileRef = E3017EEF27A8042E002789E6 /* StorageManager.swift */; };
		E38D7DCC27A9054E002E4526 /* GoogleService-Info.plist in Resources */ = {isa = PBXBuildFile; fileRef = E38D7DCB27A9054E002E4526 /* GoogleService-Info.plist */; };
		E38D7DCE27AB843D002E4526 /* User.swift in Sources */ = {isa = PBXBuildFile; fileRef = E38D7DCD27AB843D002E4526 /* User.swift */; };
		E38D7DD027AB844A002E4526 /* BlogPost.swift in Sources */ = {isa = PBXBuildFile; fileRef = E38D7DCF27AB844A002E4526 /* BlogPost.swift */; };
		E38D7DD327AC4834002E4526 /* PayWallViewController.swift in Sources */ = {isa = PBXBuildFile; fileRef = E38D7DD227AC4834002E4526 /* PayWallViewController.swift */; };
/* End PBXBuildFile section */

/* Begin PBXFileReference section */
		13E37D90BFCB7EB54F192552 /* Pods-THO.debug.xcconfig */ = {isa = PBXFileReference; includeInIndex = 1; lastKnownFileType = text.xcconfig; name = "Pods-THO.debug.xcconfig"; path = "Target Support Files/Pods-THO/Pods-THO.debug.xcconfig"; sourceTree = "<group>"; };
		2175C80D96AF93FACB774ADD /* Pods_THO.framework */ = {isa = PBXFileReference; explicitFileType = wrapper.framework; includeInIndex = 0; path = Pods_THO.framework; sourceTree = BUILT_PRODUCTS_DIR; };
		E3017EC127A7DC7F002789E6 /* THO.app */ = {isa = PBXFileReference; explicitFileType = wrapper.application; includeInIndex = 0; path = THO.app; sourceTree = BUILT_PRODUCTS_DIR; };
		E3017EC427A7DC7F002789E6 /* AppDelegate.swift */ = {isa = PBXFileReference; lastKnownFileType = sourcecode.swift; path = AppDelegate.swift; sourceTree = "<group>"; };
		E3017EC627A7DC7F002789E6 /* SceneDelegate.swift */ = {isa = PBXFileReference; lastKnownFileType = sourcecode.swift; path = SceneDelegate.swift; sourceTree = "<group>"; };
		E3017EC827A7DC7F002789E6 /* HomeViewController.swift */ = {isa = PBXFileReference; lastKnownFileType = sourcecode.swift; path = HomeViewController.swift; sourceTree = "<group>"; };
		E3017ECB27A7DC7F002789E6 /* Base */ = {isa = PBXFileReference; lastKnownFileType = file.storyboard; name = Base; path = Base.lproj/Main.storyboard; sourceTree = "<group>"; };
		E3017ECD27A7DC82002789E6 /* Assets.xcassets */ = {isa = PBXFileReference; lastKnownFileType = folder.assetcatalog; path = Assets.xcassets; sourceTree = "<group>"; };
		E3017ED027A7DC82002789E6 /* Base */ = {isa = PBXFileReference; lastKnownFileType = file.storyboard; name = Base; path = Base.lproj/LaunchScreen.storyboard; sourceTree = "<group>"; };
		E3017ED227A7DC83002789E6 /* Info.plist */ = {isa = PBXFileReference; lastKnownFileType = text.plist.xml; path = Info.plist; sourceTree = "<group>"; };
		E3017EDD27A7E325002789E6 /* ProfileViewController.swift */ = {isa = PBXFileReference; lastKnownFileType = sourcecode.swift; path = ProfileViewController.swift; sourceTree = "<group>"; };
		E3017EDF27A7E3B2002789E6 /* TabBarViewController.swift */ = {isa = PBXFileReference; lastKnownFileType = sourcecode.swift; path = TabBarViewController.swift; sourceTree = "<group>"; };
		E3017EE127A7E3ED002789E6 /* SignInViewController.swift */ = {isa = PBXFileReference; lastKnownFileType = sourcecode.swift; path = SignInViewController.swift; sourceTree = "<group>"; };
		E3017EE327A7E3FE002789E6 /* SignUpViewController.swift */ = {isa = PBXFileReference; lastKnownFileType = sourcecode.swift; path = SignUpViewController.swift; sourceTree = "<group>"; };
		E3017EE527A7E470002789E6 /* ViewPostViewController.swift */ = {isa = PBXFileReference; lastKnownFileType = sourcecode.swift; path = ViewPostViewController.swift; sourceTree = "<group>"; };
		E3017EE727A7E489002789E6 /* CreateNewPostViewController.swift */ = {isa = PBXFileReference; lastKnownFileType = sourcecode.swift; path = CreateNewPostViewController.swift; sourceTree = "<group>"; };
		E3017EE927A8033F002789E6 /* IAPManager.swift */ = {isa = PBXFileReference; lastKnownFileType = sourcecode.swift; path = IAPManager.swift; sourceTree = "<group>"; };
		E3017EEB27A8034C002789E6 /* DatabaseManager.swift */ = {isa = PBXFileReference; lastKnownFileType = sourcecode.swift; path = DatabaseManager.swift; sourceTree = "<group>"; };
		E3017EED27A80426002789E6 /* AuthManager.swift */ = {isa = PBXFileReference; lastKnownFileType = sourcecode.swift; path = AuthManager.swift; sourceTree = "<group>"; };
		E3017EEF27A8042E002789E6 /* StorageManager.swift */ = {isa = PBXFileReference; lastKnownFileType = sourcecode.swift; path = StorageManager.swift; sourceTree = "<group>"; };
		E38D7DCB27A9054E002E4526 /* GoogleService-Info.plist */ = {isa = PBXFileReference; fileEncoding = 4; lastKnownFileType = text.plist.xml; path = "GoogleService-Info.plist"; sourceTree = "<group>"; };
		E38D7DCD27AB843D002E4526 /* User.swift */ = {isa = PBXFileReference; lastKnownFileType = sourcecode.swift; path = User.swift; sourceTree = "<group>"; };
		E38D7DCF27AB844A002E4526 /* BlogPost.swift */ = {isa = PBXFileReference; lastKnownFileType = sourcecode.swift; path = BlogPost.swift; sourceTree = "<group>"; };
		E38D7DD227AC4834002E4526 /* PayWallViewController.swift */ = {isa = PBXFileReference; lastKnownFileType = sourcecode.swift; path = PayWallViewController.swift; sourceTree = "<group>"; };
		E38D7DD427AC5F83002E4526 /* Configuration.storekit */ = {isa = PBXFileReference; lastKnownFileType = text; path = Configuration.storekit; sourceTree = "<group>"; };
		F48B8E30CBAC704BFC805A39 /* Pods-THO.release.xcconfig */ = {isa = PBXFileReference; includeInIndex = 1; lastKnownFileType = text.xcconfig; name = "Pods-THO.release.xcconfig"; path = "Target Support Files/Pods-THO/Pods-THO.release.xcconfig"; sourceTree = "<group>"; };
/* End PBXFileReference section */

/* Begin PBXFrameworksBuildPhase section */
		E3017EBE27A7DC7F002789E6 /* Frameworks */ = {
			isa = PBXFrameworksBuildPhase;
			buildActionMask = 2147483647;
			files = (
				4333EB51B36488F0D13DB104 /* Pods_THO.framework in Frameworks */,
			);
			runOnlyForDeploymentPostprocessing = 0;
		};
/* End PBXFrameworksBuildPhase section */

/* Begin PBXGroup section */
		5E7595532AF77C436ADE33ED /* Frameworks */ = {
			isa = PBXGroup;
			children = (
				2175C80D96AF93FACB774ADD /* Pods_THO.framework */,
			);
			name = Frameworks;
			sourceTree = "<group>";
		};
		6F20B1C1CDBEDDE411414A7E /* Pods */ = {
			isa = PBXGroup;
			children = (
				13E37D90BFCB7EB54F192552 /* Pods-THO.debug.xcconfig */,
				F48B8E30CBAC704BFC805A39 /* Pods-THO.release.xcconfig */,
			);
			path = Pods;
			sourceTree = "<group>";
		};
		E3017EB827A7DC7F002789E6 = {
			isa = PBXGroup;
			children = (
				E3017EC327A7DC7F002789E6 /* THO */,
				E3017EC227A7DC7F002789E6 /* Products */,
				6F20B1C1CDBEDDE411414A7E /* Pods */,
				5E7595532AF77C436ADE33ED /* Frameworks */,
			);
			sourceTree = "<group>";
		};
		E3017EC227A7DC7F002789E6 /* Products */ = {
			isa = PBXGroup;
			children = (
				E3017EC127A7DC7F002789E6 /* THO.app */,
			);
			name = Products;
			sourceTree = "<group>";
		};
		E3017EC327A7DC7F002789E6 /* THO */ = {
			isa = PBXGroup;
			children = (
				E3017EDC27A7E177002789E6 /* Models */,
				E3017EDB27A7E171002789E6 /* Views */,
				E3017EDA27A7E15F002789E6 /* Controllers */,
				E3017ED927A7E151002789E6 /* Managers */,
				E3017ED827A7E142002789E6 /* Other */,
				E3017ED227A7DC83002789E6 /* Info.plist */,
				E38D7DCB27A9054E002E4526 /* GoogleService-Info.plist */,
			);
			path = THO;
			sourceTree = "<group>";
		};
		E3017ED827A7E142002789E6 /* Other */ = {
			isa = PBXGroup;
			children = (
				E3017EC427A7DC7F002789E6 /* AppDelegate.swift */,
				E3017EC627A7DC7F002789E6 /* SceneDelegate.swift */,
				E3017ECD27A7DC82002789E6 /* Assets.xcassets */,
			);
			path = Other;
			sourceTree = "<group>";
		};
		E3017ED927A7E151002789E6 /* Managers */ = {
			isa = PBXGroup;
			children = (
				E3017EE927A8033F002789E6 /* IAPManager.swift */,
				E3017EEB27A8034C002789E6 /* DatabaseManager.swift */,
				E3017EED27A80426002789E6 /* AuthManager.swift */,
				E3017EEF27A8042E002789E6 /* StorageManager.swift */,
			);
			path = Managers;
			sourceTree = "<group>";
		};
		E3017EDA27A7E15F002789E6 /* Controllers */ = {
			isa = PBXGroup;
			children = (
				E38D7DD127AC4819002E4526 /* Other */,
				E3017EF127A809BB002789E6 /* CoreTabs */,
				E3017EF227A809EF002789E6 /* Auth */,
				E3017EF327A809F9002789E6 /* Posts */,
			);
			path = Controllers;
			sourceTree = "<group>";
		};
		E3017EDB27A7E171002789E6 /* Views */ = {
			isa = PBXGroup;
			children = (
				E3017ECA27A7DC7F002789E6 /* Main.storyboard */,
				E3017ECF27A7DC82002789E6 /* LaunchScreen.storyboard */,
			);
			path = Views;
			sourceTree = "<group>";
		};
		E3017EDC27A7E177002789E6 /* Models */ = {
			isa = PBXGroup;
			children = (
				E38D7DCD27AB843D002E4526 /* User.swift */,
				E38D7DCF27AB844A002E4526 /* BlogPost.swift */,
			);
			path = Models;
			sourceTree = "<group>";
		};
		E3017EF127A809BB002789E6 /* CoreTabs */ = {
			isa = PBXGroup;
			children = (
				E3017EC827A7DC7F002789E6 /* HomeViewController.swift */,
				E3017EDD27A7E325002789E6 /* ProfileViewController.swift */,
				E3017EDF27A7E3B2002789E6 /* TabBarViewController.swift */,
				E38D7DD427AC5F83002E4526 /* Configuration.storekit */,
			);
			path = CoreTabs;
			sourceTree = "<group>";
		};
		E3017EF227A809EF002789E6 /* Auth */ = {
			isa = PBXGroup;
			children = (
				E3017EE127A7E3ED002789E6 /* SignInViewController.swift */,
				E3017EE327A7E3FE002789E6 /* SignUpViewController.swift */,
			);
			path = Auth;
			sourceTree = "<group>";
		};
		E3017EF327A809F9002789E6 /* Posts */ = {
			isa = PBXGroup;
			children = (
				E3017EE527A7E470002789E6 /* ViewPostViewController.swift */,
				E3017EE727A7E489002789E6 /* CreateNewPostViewController.swift */,
			);
			path = Posts;
			sourceTree = "<group>";
		};
		E38D7DD127AC4819002E4526 /* Other */ = {
			isa = PBXGroup;
			children = (
				E38D7DD227AC4834002E4526 /* PayWallViewController.swift */,
			);
			path = Other;
			sourceTree = "<group>";
		};
/* End PBXGroup section */

/* Begin PBXNativeTarget section */
		E3017EC027A7DC7F002789E6 /* THO */ = {
			isa = PBXNativeTarget;
			buildConfigurationList = E3017ED527A7DC83002789E6 /* Build configuration list for PBXNativeTarget "THO" */;
			buildPhases = (
				DA1DF283B9D0763DD00BEA61 /* [CP] Check Pods Manifest.lock */,
				E3017EBD27A7DC7F002789E6 /* Sources */,
				E3017EBE27A7DC7F002789E6 /* Frameworks */,
				E3017EBF27A7DC7F002789E6 /* Resources */,
				95C6DD3A39C75B32FBC6AB6F /* [CP] Embed Pods Frameworks */,
			);
			buildRules = (
			);
			dependencies = (
			);
			name = THO;
			productName = THO;
			productReference = E3017EC127A7DC7F002789E6 /* THO.app */;
			productType = "com.apple.product-type.application";
		};
/* End PBXNativeTarget section */

/* Begin PBXProject section */
		E3017EB927A7DC7F002789E6 /* Project object */ = {
			isa = PBXProject;
			attributes = {
				BuildIndependentTargetsInParallel = 1;
				LastSwiftUpdateCheck = 1320;
				LastUpgradeCheck = 1320;
				TargetAttributes = {
					E3017EC027A7DC7F002789E6 = {
						CreatedOnToolsVersion = 13.2.1;
					};
				};
			};
			buildConfigurationList = E3017EBC27A7DC7F002789E6 /* Build configuration list for PBXProject "THO" */;
			compatibilityVersion = "Xcode 13.0";
			developmentRegion = en;
			hasScannedForEncodings = 0;
			knownRegions = (
				en,
				Base,
			);
			mainGroup = E3017EB827A7DC7F002789E6;
			productRefGroup = E3017EC227A7DC7F002789E6 /* Products */;
			projectDirPath = "";
			projectRoot = "";
			targets = (
				E3017EC027A7DC7F002789E6 /* THO */,
			);
		};
/* End PBXProject section */

/* Begin PBXResourcesBuildPhase section */
		E3017EBF27A7DC7F002789E6 /* Resources */ = {
			isa = PBXResourcesBuildPhase;
			buildActionMask = 2147483647;
			files = (
				E3017ED127A7DC82002789E6 /* LaunchScreen.storyboard in Resources */,
				E38D7DCC27A9054E002E4526 /* GoogleService-Info.plist in Resources */,
				E3017ECE27A7DC82002789E6 /* Assets.xcassets in Resources */,
				E3017ECC27A7DC7F002789E6 /* Main.storyboard in Resources */,
			);
			runOnlyForDeploymentPostprocessing = 0;
		};
/* End PBXResourcesBuildPhase section */

/* Begin PBXShellScriptBuildPhase section */
		95C6DD3A39C75B32FBC6AB6F /* [CP] Embed Pods Frameworks */ = {
			isa = PBXShellScriptBuildPhase;
			buildActionMask = 2147483647;
			files = (
			);
			inputFileListPaths = (
				"${PODS_ROOT}/Target Support Files/Pods-THO/Pods-THO-frameworks-${CONFIGURATION}-input-files.xcfilelist",
			);
			name = "[CP] Embed Pods Frameworks";
			outputFileListPaths = (
				"${PODS_ROOT}/Target Support Files/Pods-THO/Pods-THO-frameworks-${CONFIGURATION}-output-files.xcfilelist",
			);
			runOnlyForDeploymentPostprocessing = 0;
			shellPath = /bin/sh;
			shellScript = "\"${PODS_ROOT}/Target Support Files/Pods-THO/Pods-THO-frameworks.sh\"\n";
			showEnvVarsInLog = 0;
		};
		DA1DF283B9D0763DD00BEA61 /* [CP] Check Pods Manifest.lock */ = {
			isa = PBXShellScriptBuildPhase;
			buildActionMask = 2147483647;
			files = (
			);
			inputFileListPaths = (
			);
			inputPaths = (
				"${PODS_PODFILE_DIR_PATH}/Podfile.lock",
				"${PODS_ROOT}/Manifest.lock",
			);
			name = "[CP] Check Pods Manifest.lock";
			outputFileListPaths = (
			);
			outputPaths = (
				"$(DERIVED_FILE_DIR)/Pods-THO-checkManifestLockResult.txt",
			);
			runOnlyForDeploymentPostprocessing = 0;
			shellPath = /bin/sh;
			shellScript = "diff \"${PODS_PODFILE_DIR_PATH}/Podfile.lock\" \"${PODS_ROOT}/Manifest.lock\" > /dev/null\nif [ $? != 0 ] ; then\n    # print error to STDERR\n    echo \"error: The sandbox is not in sync with the Podfile.lock. Run 'pod install' or update your CocoaPods installation.\" >&2\n    exit 1\nfi\n# This output is used by Xcode 'outputs' to avoid re-running this script phase.\necho \"SUCCESS\" > \"${SCRIPT_OUTPUT_FILE_0}\"\n";
			showEnvVarsInLog = 0;
		};
/* End PBXShellScriptBuildPhase section */

/* Begin PBXSourcesBuildPhase section */
		E3017EBD27A7DC7F002789E6 /* Sources */ = {
			isa = PBXSourcesBuildPhase;
			buildActionMask = 2147483647;
			files = (
				E38D7DD027AB844A002E4526 /* BlogPost.swift in Sources */,
				E3017EC927A7DC7F002789E6 /* HomeViewController.swift in Sources */,
				E3017EEE27A80426002789E6 /* AuthManager.swift in Sources */,
				E3017EEC27A8034C002789E6 /* DatabaseManager.swift in Sources */,
				E3017EE427A7E3FE002789E6 /* SignUpViewController.swift in Sources */,
				E3017EEA27A8033F002789E6 /* IAPManager.swift in Sources */,
				E3017EC527A7DC7F002789E6 /* AppDelegate.swift in Sources */,
				E38D7DCE27AB843D002E4526 /* User.swift in Sources */,
				E3017EE227A7E3EE002789E6 /* SignInViewController.swift in Sources */,
				E3017EDE27A7E325002789E6 /* ProfileViewController.swift in Sources */,
				E3017EE827A7E489002789E6 /* CreateNewPostViewController.swift in Sources */,
				E3017EE027A7E3B2002789E6 /* TabBarViewController.swift in Sources */,
				E3017EC727A7DC7F002789E6 /* SceneDelegate.swift in Sources */,
				E3017EE627A7E470002789E6 /* ViewPostViewController.swift in Sources */,
				E3017EF027A8042E002789E6 /* StorageManager.swift in Sources */,
				E38D7DD327AC4834002E4526 /* PayWallViewController.swift in Sources */,
			);
			runOnlyForDeploymentPostprocessing = 0;
		};
/* End PBXSourcesBuildPhase section */

/* Begin PBXVariantGroup section */
		E3017ECA27A7DC7F002789E6 /* Main.storyboard */ = {
			isa = PBXVariantGroup;
			children = (
				E3017ECB27A7DC7F002789E6 /* Base */,
			);
			name = Main.storyboard;
			sourceTree = "<group>";
		};
		E3017ECF27A7DC82002789E6 /* LaunchScreen.storyboard */ = {
			isa = PBXVariantGroup;
			children = (
				E3017ED027A7DC82002789E6 /* Base */,
			);
			name = LaunchScreen.storyboard;
			sourceTree = "<group>";
		};
/* End PBXVariantGroup section */

/* Begin XCBuildConfiguration section */
		E3017ED327A7DC83002789E6 /* Debug */ = {
			isa = XCBuildConfiguration;
			buildSettings = {
				ALWAYS_SEARCH_USER_PATHS = NO;
				CLANG_ANALYZER_NONNULL = YES;
				CLANG_ANALYZER_NUMBER_OBJECT_CONVERSION = YES_AGGRESSIVE;
				CLANG_CXX_LANGUAGE_STANDARD = "gnu++17";
				CLANG_CXX_LIBRARY = "libc++";
				CLANG_ENABLE_MODULES = YES;
				CLANG_ENABLE_OBJC_ARC = YES;
				CLANG_ENABLE_OBJC_WEAK = YES;
				CLANG_WARN_BLOCK_CAPTURE_AUTORELEASING = YES;
				CLANG_WARN_BOOL_CONVERSION = YES;
				CLANG_WARN_COMMA = YES;
				CLANG_WARN_CONSTANT_CONVERSION = YES;
				CLANG_WARN_DEPRECATED_OBJC_IMPLEMENTATIONS = YES;
				CLANG_WARN_DIRECT_OBJC_ISA_USAGE = YES_ERROR;
				CLANG_WARN_DOCUMENTATION_COMMENTS = YES;
				CLANG_WARN_EMPTY_BODY = YES;
				CLANG_WARN_ENUM_CONVERSION = YES;
				CLANG_WARN_INFINITE_RECURSION = YES;
				CLANG_WARN_INT_CONVERSION = YES;
				CLANG_WARN_NON_LITERAL_NULL_CONVERSION = YES;
				CLANG_WARN_OBJC_IMPLICIT_RETAIN_SELF = YES;
				CLANG_WARN_OBJC_LITERAL_CONVERSION = YES;
				CLANG_WARN_OBJC_ROOT_CLASS = YES_ERROR;
				CLANG_WARN_QUOTED_INCLUDE_IN_FRAMEWORK_HEADER = YES;
				CLANG_WARN_RANGE_LOOP_ANALYSIS = YES;
				CLANG_WARN_STRICT_PROTOTYPES = YES;
				CLANG_WARN_SUSPICIOUS_MOVE = YES;
				CLANG_WARN_UNGUARDED_AVAILABILITY = YES_AGGRESSIVE;
				CLANG_WARN_UNREACHABLE_CODE = YES;
				CLANG_WARN__DUPLICATE_METHOD_MATCH = YES;
				COPY_PHASE_STRIP = NO;
				DEBUG_INFORMATION_FORMAT = dwarf;
				ENABLE_STRICT_OBJC_MSGSEND = YES;
				ENABLE_TESTABILITY = YES;
				GCC_C_LANGUAGE_STANDARD = gnu11;
				GCC_DYNAMIC_NO_PIC = NO;
				GCC_NO_COMMON_BLOCKS = YES;
				GCC_OPTIMIZATION_LEVEL = 0;
				GCC_PREPROCESSOR_DEFINITIONS = (
					"DEBUG=1",
					"$(inherited)",
				);
				GCC_WARN_64_TO_32_BIT_CONVERSION = YES;
				GCC_WARN_ABOUT_RETURN_TYPE = YES_ERROR;
				GCC_WARN_UNDECLARED_SELECTOR = YES;
				GCC_WARN_UNINITIALIZED_AUTOS = YES_AGGRESSIVE;
				GCC_WARN_UNUSED_FUNCTION = YES;
				GCC_WARN_UNUSED_VARIABLE = YES;
				IPHONEOS_DEPLOYMENT_TARGET = 15.2;
				MTL_ENABLE_DEBUG_INFO = INCLUDE_SOURCE;
				MTL_FAST_MATH = YES;
				ONLY_ACTIVE_ARCH = YES;
				SDKROOT = iphoneos;
				SWIFT_ACTIVE_COMPILATION_CONDITIONS = DEBUG;
				SWIFT_OPTIMIZATION_LEVEL = "-Onone";
			};
			name = Debug;
		};
		E3017ED427A7DC83002789E6 /* Release */ = {
			isa = XCBuildConfiguration;
			buildSettings = {
				ALWAYS_SEARCH_USER_PATHS = NO;
				CLANG_ANALYZER_NONNULL = YES;
				CLANG_ANALYZER_NUMBER_OBJECT_CONVERSION = YES_AGGRESSIVE;
				CLANG_CXX_LANGUAGE_STANDARD = "gnu++17";
				CLANG_CXX_LIBRARY = "libc++";
				CLANG_ENABLE_MODULES = YES;
				CLANG_ENABLE_OBJC_ARC = YES;
				CLANG_ENABLE_OBJC_WEAK = YES;
				CLANG_WARN_BLOCK_CAPTURE_AUTORELEASING = YES;
				CLANG_WARN_BOOL_CONVERSION = YES;
				CLANG_WARN_COMMA = YES;
				CLANG_WARN_CONSTANT_CONVERSION = YES;
				CLANG_WARN_DEPRECATED_OBJC_IMPLEMENTATIONS = YES;
				CLANG_WARN_DIRECT_OBJC_ISA_USAGE = YES_ERROR;
				CLANG_WARN_DOCUMENTATION_COMMENTS = YES;
				CLANG_WARN_EMPTY_BODY = YES;
				CLANG_WARN_ENUM_CONVERSION = YES;
				CLANG_WARN_INFINITE_RECURSION = YES;
				CLANG_WARN_INT_CONVERSION = YES;
				CLANG_WARN_NON_LITERAL_NULL_CONVERSION = YES;
				CLANG_WARN_OBJC_IMPLICIT_RETAIN_SELF = YES;
				CLANG_WARN_OBJC_LITERAL_CONVERSION = YES;
				CLANG_WARN_OBJC_ROOT_CLASS = YES_ERROR;
				CLANG_WARN_QUOTED_INCLUDE_IN_FRAMEWORK_HEADER = YES;
				CLANG_WARN_RANGE_LOOP_ANALYSIS = YES;
				CLANG_WARN_STRICT_PROTOTYPES = YES;
				CLANG_WARN_SUSPICIOUS_MOVE = YES;
				CLANG_WARN_UNGUARDED_AVAILABILITY = YES_AGGRESSIVE;
				CLANG_WARN_UNREACHABLE_CODE = YES;
				CLANG_WARN__DUPLICATE_METHOD_MATCH = YES;
				COPY_PHASE_STRIP = NO;
				DEBUG_INFORMATION_FORMAT = "dwarf-with-dsym";
				ENABLE_NS_ASSERTIONS = NO;
				ENABLE_STRICT_OBJC_MSGSEND = YES;
				GCC_C_LANGUAGE_STANDARD = gnu11;
				GCC_NO_COMMON_BLOCKS = YES;
				GCC_WARN_64_TO_32_BIT_CONVERSION = YES;
				GCC_WARN_ABOUT_RETURN_TYPE = YES_ERROR;
				GCC_WARN_UNDECLARED_SELECTOR = YES;
				GCC_WARN_UNINITIALIZED_AUTOS = YES_AGGRESSIVE;
				GCC_WARN_UNUSED_FUNCTION = YES;
				GCC_WARN_UNUSED_VARIABLE = YES;
				IPHONEOS_DEPLOYMENT_TARGET = 15.2;
				MTL_ENABLE_DEBUG_INFO = NO;
				MTL_FAST_MATH = YES;
				SDKROOT = iphoneos;
				SWIFT_COMPILATION_MODE = wholemodule;
				SWIFT_OPTIMIZATION_LEVEL = "-O";
				VALIDATE_PRODUCT = YES;
			};
			name = Release;
		};
		E3017ED627A7DC83002789E6 /* Debug */ = {
			isa = XCBuildConfiguration;
			baseConfigurationReference = 13E37D90BFCB7EB54F192552 /* Pods-THO.debug.xcconfig */;
			buildSettings = {
				ASSETCATALOG_COMPILER_APPICON_NAME = AppIcon;
				ASSETCATALOG_COMPILER_GLOBAL_ACCENT_COLOR_NAME = AccentColor;
				CODE_SIGN_STYLE = Automatic;
				CURRENT_PROJECT_VERSION = 1;
				DEVELOPMENT_TEAM = F898W4P72K;
				GENERATE_INFOPLIST_FILE = YES;
				INFOPLIST_FILE = THO/Info.plist;
				INFOPLIST_KEY_UIApplicationSupportsIndirectInputEvents = YES;
				INFOPLIST_KEY_UILaunchStoryboardName = LaunchScreen;
				INFOPLIST_KEY_UIMainStoryboardFile = Main;
				INFOPLIST_KEY_UISupportedInterfaceOrientations = UIInterfaceOrientationPortrait;
				INFOPLIST_KEY_UISupportedInterfaceOrientations_iPad = "UIInterfaceOrientationPortrait UIInterfaceOrientationPortraitUpsideDown UIInterfaceOrientationLandscapeLeft UIInterfaceOrientationLandscapeRight";
				INFOPLIST_KEY_UISupportedInterfaceOrientations_iPhone = "UIInterfaceOrientationPortrait UIInterfaceOrientationLandscapeLeft UIInterfaceOrientationLandscapeRight";
				LD_RUNPATH_SEARCH_PATHS = (
					"$(inherited)",
					"@executable_path/Frameworks",
				);
				MARKETING_VERSION = 1.0;
				PRODUCT_BUNDLE_IDENTIFIER = com.aestheticdev.THO;
				PRODUCT_NAME = "$(TARGET_NAME)";
				SWIFT_EMIT_LOC_STRINGS = YES;
				SWIFT_VERSION = 5.0;
				TARGETED_DEVICE_FAMILY = 1;
			};
			name = Debug;
		};
		E3017ED727A7DC83002789E6 /* Release */ = {
			isa = XCBuildConfiguration;
			baseConfigurationReference = F48B8E30CBAC704BFC805A39 /* Pods-THO.release.xcconfig */;
			buildSettings = {
				ASSETCATALOG_COMPILER_APPICON_NAME = AppIcon;
				ASSETCATALOG_COMPILER_GLOBAL_ACCENT_COLOR_NAME = AccentColor;
				CODE_SIGN_STYLE = Automatic;
				CURRENT_PROJECT_VERSION = 1;
				DEVELOPMENT_TEAM = F898W4P72K;
				GENERATE_INFOPLIST_FILE = YES;
				INFOPLIST_FILE = THO/Info.plist;
				INFOPLIST_KEY_UIApplicationSupportsIndirectInputEvents = YES;
				INFOPLIST_KEY_UILaunchStoryboardName = LaunchScreen;
				INFOPLIST_KEY_UIMainStoryboardFile = Main;
				INFOPLIST_KEY_UISupportedInterfaceOrientations = UIInterfaceOrientationPortrait;
				INFOPLIST_KEY_UISupportedInterfaceOrientations_iPad = "UIInterfaceOrientationPortrait UIInterfaceOrientationPortraitUpsideDown UIInterfaceOrientationLandscapeLeft UIInterfaceOrientationLandscapeRight";
				INFOPLIST_KEY_UISupportedInterfaceOrientations_iPhone = "UIInterfaceOrientationPortrait UIInterfaceOrientationLandscapeLeft UIInterfaceOrientationLandscapeRight";
				LD_RUNPATH_SEARCH_PATHS = (
					"$(inherited)",
					"@executable_path/Frameworks",
				);
				MARKETING_VERSION = 1.0;
				PRODUCT_BUNDLE_IDENTIFIER = com.aestheticdev.THO;
				PRODUCT_NAME = "$(TARGET_NAME)";
				SWIFT_EMIT_LOC_STRINGS = YES;
				SWIFT_VERSION = 5.0;
				TARGETED_DEVICE_FAMILY = 1;
			};
			name = Release;
		};
/* End XCBuildConfiguration section */

/* Begin XCConfigurationList section */
		E3017EBC27A7DC7F002789E6 /* Build configuration list for PBXProject "THO" */ = {
			isa = XCConfigurationList;
			buildConfigurations = (
				E3017ED327A7DC83002789E6 /* Debug */,
				E3017ED427A7DC83002789E6 /* Release */,
			);
			defaultConfigurationIsVisible = 0;
			defaultConfigurationName = Release;
		};
		E3017ED527A7DC83002789E6 /* Build configuration list for PBXNativeTarget "THO" */ = {
			isa = XCConfigurationList;
			buildConfigurations = (
				E3017ED627A7DC83002789E6 /* Debug */,
				E3017ED727A7DC83002789E6 /* Release */,
			);
			defaultConfigurationIsVisible = 0;
			defaultConfigurationName = Release;
		};
/* End XCConfigurationList section */
	};
	rootObject = E3017EB927A7DC7F002789E6 /* Project object */;
}
